
Microsoft Visual Studio Solution File, Format Version 12.00
# Visual Studio 2013
VisualStudioVersion = 12.0.30501.0
MinimumVisualStudioVersion = 10.0.40219.1
Project("{FAE04EC0-301F-11D3-BF4B-00C04F79EFBC}") = "Retail", "Retail\Retail.csproj", "{4321802C-CC78-45BF-AACA-A5CA24CE7809}"
EndProject
Project("{2150E333-8FDC-42A3-9474-1A3956D46DE8}") = "PublishScripts", "PublishScripts", "{F4E29A3E-BE67-4CD5-8D7B-3F98EC7F4E1F}"
	ProjectSection(SolutionItems) = preProject
		PublishScripts\AzureWebsitePublishModule.psm1 = PublishScripts\AzureWebsitePublishModule.psm1
		PublishScripts\Publish-WebApplicationWebsite.ps1 = PublishScripts\Publish-WebApplicationWebsite.ps1
	EndProjectSection
EndProject
Project("{2150E333-8FDC-42A3-9474-1A3956D46DE8}") = "Configurations", "Configurations", "{48356AB8-1897-49E7-AC91-1C288C40A593}"
	ProjectSection(SolutionItems) = preProject
		PublishScripts\Configurations\Retail-WAWS-dev.json = PublishScripts\Configurations\Retail-WAWS-dev.json
	EndProjectSection
EndProject
Global
	GlobalSection(SolutionConfigurationPlatforms) = preSolution
		Debug|Any CPU = Debug|Any CPU
		Release|Any CPU = Release|Any CPU
	EndGlobalSection
	GlobalSection(ProjectConfigurationPlatforms) = postSolution
		{4321802C-CC78-45BF-AACA-A5CA24CE7809}.Debug|Any CPU.ActiveCfg = Debug|Any CPU
		{4321802C-CC78-45BF-AACA-A5CA24CE7809}.Debug|Any CPU.Build.0 = Debug|Any CPU
		{4321802C-CC78-45BF-AACA-A5CA24CE7809}.Release|Any CPU.ActiveCfg = Release|Any CPU
		{4321802C-CC78-45BF-AACA-A5CA24CE7809}.Release|Any CPU.Build.0 = Release|Any CPU
	EndGlobalSection
	GlobalSection(SolutionProperties) = preSolution
		HideSolutionNode = FALSE
	EndGlobalSection
	GlobalSection(NestedProjects) = preSolution
		{48356AB8-1897-49E7-AC91-1C288C40A593} = {F4E29A3E-BE67-4CD5-8D7B-3F98EC7F4E1F}
	EndGlobalSection
EndGlobal
